// !$*UTF8*$!
{
	archiveVersion = 1;
	classes = {
	};
	objectVersion = 56;
	objects = {

/* Begin PBXBuildFile section */
		175D65B42912C008001BD974 /* whisper_tflite_iosApp.swift in Sources */ = {isa = PBXBuildFile; fileRef = 175D65B32912C008001BD974 /* whisper_tflite_iosApp.swift */; };
		175D65B62912C008001BD974 /* ContentView.swift in Sources */ = {isa = PBXBuildFile; fileRef = 175D65B52912C008001BD974 /* ContentView.swift */; };
		175D65B82912C008001BD974 /* Assets.xcassets in Resources */ = {isa = PBXBuildFile; fileRef = 175D65B72912C008001BD974 /* Assets.xcassets */; };
		175D65BB2912C008001BD974 /* Preview Assets.xcassets in Resources */ = {isa = PBXBuildFile; fileRef = 175D65BA2912C008001BD974 /* Preview Assets.xcassets */; };
		175D65C52912C009001BD974 /* whisper_tflite_iosTests.swift in Sources */ = {isa = PBXBuildFile; fileRef = 175D65C42912C009001BD974 /* whisper_tflite_iosTests.swift */; };
		175D65CF2912C009001BD974 /* whisper_tflite_iosUITests.swift in Sources */ = {isa = PBXBuildFile; fileRef = 175D65CE2912C009001BD974 /* whisper_tflite_iosUITests.swift */; };
		175D65D12912C009001BD974 /* whisper_tflite_iosUITestsLaunchTests.swift in Sources */ = {isa = PBXBuildFile; fileRef = 175D65D02912C009001BD974 /* whisper_tflite_iosUITestsLaunchTests.swift */; };
/* End PBXBuildFile section */

/* Begin PBXContainerItemProxy section */
		175D65C12912C009001BD974 /* PBXContainerItemProxy */ = {
			isa = PBXContainerItemProxy;
			containerPortal = 175D65A82912C008001BD974 /* Project object */;
			proxyType = 1;
			remoteGlobalIDString = 175D65AF2912C008001BD974;
			remoteInfo = "whisper-tflite-ios";
		};
		175D65CB2912C009001BD974 /* PBXContainerItemProxy */ = {
			isa = PBXContainerItemProxy;
			containerPortal = 175D65A82912C008001BD974 /* Project object */;
			proxyType = 1;
			remoteGlobalIDString = 175D65AF2912C008001BD974;
			remoteInfo = "whisper-tflite-ios";
		};
/* End PBXContainerItemProxy section */

/* Begin PBXFileReference section */
		175D65B02912C008001BD974 /* whisper-tflite-ios.app */ = {isa = PBXFileReference; explicitFileType = wrapper.application; includeInIndex = 0; path = "whisper-tflite-ios.app"; sourceTree = BUILT_PRODUCTS_DIR; };
		175D65B32912C008001BD974 /* whisper_tflite_iosApp.swift */ = {isa = PBXFileReference; lastKnownFileType = sourcecode.swift; path = whisper_tflite_iosApp.swift; sourceTree = "<group>"; };
		175D65B52912C008001BD974 /* ContentView.swift */ = {isa = PBXFileReference; lastKnownFileType = sourcecode.swift; path = ContentView.swift; sourceTree = "<group>"; };
		175D65B72912C008001BD974 /* Assets.xcassets */ = {isa = PBXFileReference; lastKnownFileType = folder.assetcatalog; path = Assets.xcassets; sourceTree = "<group>"; };
		175D65BA2912C008001BD974 /* Preview Assets.xcassets */ = {isa = PBXFileReference; lastKnownFileType = folder.assetcatalog; path = "Preview Assets.xcassets"; sourceTree = "<group>"; };
		175D65C02912C009001BD974 /* whisper-tflite-iosTests.xctest */ = {isa = PBXFileReference; explicitFileType = wrapper.cfbundle; includeInIndex = 0; path = "whisper-tflite-iosTests.xctest"; sourceTree = BUILT_PRODUCTS_DIR; };
		175D65C42912C009001BD974 /* whisper_tflite_iosTests.swift */ = {isa = PBXFileReference; lastKnownFileType = sourcecode.swift; path = whisper_tflite_iosTests.swift; sourceTree = "<group>"; };
		175D65CA2912C009001BD974 /* whisper-tflite-iosUITests.xctest */ = {isa = PBXFileReference; explicitFileType = wrapper.cfbundle; includeInIndex = 0; path = "whisper-tflite-iosUITests.xctest"; sourceTree = BUILT_PRODUCTS_DIR; };
		175D65CE2912C009001BD974 /* whisper_tflite_iosUITests.swift */ = {isa = PBXFileReference; lastKnownFileType = sourcecode.swift; path = whisper_tflite_iosUITests.swift; sourceTree = "<group>"; };
		175D65D02912C009001BD974 /* whisper_tflite_iosUITestsLaunchTests.swift */ = {isa = PBXFileReference; lastKnownFileType = sourcecode.swift; path = whisper_tflite_iosUITestsLaunchTests.swift; sourceTree = "<group>"; };
/* End PBXFileReference section */

/* Begin PBXFrameworksBuildPhase section */
		175D65AD2912C008001BD974 /* Frameworks */ = {
			isa = PBXFrameworksBuildPhase;
			buildActionMask = 2147483647;
			files = (
			);
			runOnlyForDeploymentPostprocessing = 0;
		};
		175D65BD2912C009001BD974 /* Frameworks */ = {
			isa = PBXFrameworksBuildPhase;
			buildActionMask = 2147483647;
			files = (
			);
			runOnlyForDeploymentPostprocessing = 0;
		};
		175D65C72912C009001BD974 /* Frameworks */ = {
			isa = PBXFrameworksBuildPhase;
			buildActionMask = 2147483647;
			files = (
			);
			runOnlyForDeploymentPostprocessing = 0;
		};
/* End PBXFrameworksBuildPhase section */

/* Begin PBXGroup section */
		175D65A72912C008001BD974 = {
			isa = PBXGroup;
			children = (
				175D65B22912C008001BD974 /* whisper-tflite-ios */,
				175D65C32912C009001BD974 /* whisper-tflite-iosTests */,
				175D65CD2912C009001BD974 /* whisper-tflite-iosUITests */,
				175D65B12912C008001BD974 /* Products */,
			);
			sourceTree = "<group>";
		};
		175D65B12912C008001BD974 /* Products */ = {
			isa = PBXGroup;
			children = (
				175D65B02912C008001BD974 /* whisper-tflite-ios.app */,
				175D65C02912C009001BD974 /* whisper-tflite-iosTests.xctest */,
				175D65CA2912C009001BD974 /* whisper-tflite-iosUITests.xctest */,
			);
			name = Products;
			sourceTree = "<group>";
		};
		175D65B22912C008001BD974 /* whisper-tflite-ios */ = {
			isa = PBXGroup;
			children = (
				175D65B32912C008001BD974 /* whisper_tflite_iosApp.swift */,
				175D65B52912C008001BD974 /* ContentView.swift */,
				175D65B72912C008001BD974 /* Assets.xcassets */,
				175D65B92912C008001BD974 /* Preview Content */,
			);
			path = "whisper-tflite-ios";
			sourceTree = "<group>";
		};
		175D65B92912C008001BD974 /* Preview Content */ = {
			isa = PBXGroup;
			children = (
				175D65BA2912C008001BD974 /* Preview Assets.xcassets */,
			);
			path = "Preview Content";
			sourceTree = "<group>";
		};
		175D65C32912C009001BD974 /* whisper-tflite-iosTests */ = {
			isa = PBXGroup;
			children = (
				175D65C42912C009001BD974 /* whisper_tflite_iosTests.swift */,
			);
			path = "whisper-tflite-iosTests";
			sourceTree = "<group>";
		};
		175D65CD2912C009001BD974 /* whisper-tflite-iosUITests */ = {
			isa = PBXGroup;
			children = (
				175D65CE2912C009001BD974 /* whisper_tflite_iosUITests.swift */,
				175D65D02912C009001BD974 /* whisper_tflite_iosUITestsLaunchTests.swift */,
			);
			path = "whisper-tflite-iosUITests";
			sourceTree = "<group>";
		};
/* End PBXGroup section */

/* Begin PBXNativeTarget section */
		175D65AF2912C008001BD974 /* whisper-tflite-ios */ = {
			isa = PBXNativeTarget;
			buildConfigurationList = 175D65D42912C009001BD974 /* Build configuration list for PBXNativeTarget "whisper-tflite-ios" */;
			buildPhases = (
				175D65AC2912C008001BD974 /* Sources */,
				175D65AD2912C008001BD974 /* Frameworks */,
				175D65AE2912C008001BD974 /* Resources */,
			);
			buildRules = (
			);
			dependencies = (
			);
			name = "whisper-tflite-ios";
			productName = "whisper-tflite-ios";
			productReference = 175D65B02912C008001BD974 /* whisper-tflite-ios.app */;
			productType = "com.apple.product-type.application";
		};
		175D65BF2912C009001BD974 /* whisper-tflite-iosTests */ = {
			isa = PBXNativeTarget;
			buildConfigurationList = 175D65D72912C009001BD974 /* Build configuration list for PBXNativeTarget "whisper-tflite-iosTests" */;
			buildPhases = (
				175D65BC2912C009001BD974 /* Sources */,
				175D65BD2912C009001BD974 /* Frameworks */,
				175D65BE2912C009001BD974 /* Resources */,
			);
			buildRules = (
			);
			dependencies = (
				175D65C22912C009001BD974 /* PBXTargetDependency */,
			);
			name = "whisper-tflite-iosTests";
			productName = "whisper-tflite-iosTests";
			productReference = 175D65C02912C009001BD974 /* whisper-tflite-iosTests.xctest */;
			productType = "com.apple.product-type.bundle.unit-test";
		};
		175D65C92912C009001BD974 /* whisper-tflite-iosUITests */ = {
			isa = PBXNativeTarget;
			buildConfigurationList = 175D65DA2912C009001BD974 /* Build configuration list for PBXNativeTarget "whisper-tflite-iosUITests" */;
			buildPhases = (
				175D65C62912C009001BD974 /* Sources */,
				175D65C72912C009001BD974 /* Frameworks */,
				175D65C82912C009001BD974 /* Resources */,
			);
			buildRules = (
			);
			dependencies = (
				175D65CC2912C009001BD974 /* PBXTargetDependency */,
			);
			name = "whisper-tflite-iosUITests";
			productName = "whisper-tflite-iosUITests";
			productReference = 175D65CA2912C009001BD974 /* whisper-tflite-iosUITests.xctest */;
			productType = "com.apple.product-type.bundle.ui-testing";
		};
/* End PBXNativeTarget section */

/* Begin PBXProject section */
		175D65A82912C008001BD974 /* Project object */ = {
			isa = PBXProject;
			attributes = {
				BuildIndependentTargetsInParallel = 1;
				LastSwiftUpdateCheck = 1410;
				LastUpgradeCheck = 1410;
				TargetAttributes = {
					175D65AF2912C008001BD974 = {
						CreatedOnToolsVersion = 14.1;
					};
					175D65BF2912C009001BD974 = {
						CreatedOnToolsVersion = 14.1;
						TestTargetID = 175D65AF2912C008001BD974;
					};
					175D65C92912C009001BD974 = {
						CreatedOnToolsVersion = 14.1;
						TestTargetID = 175D65AF2912C008001BD974;
					};
				};
			};
			buildConfigurationList = 175D65AB2912C008001BD974 /* Build configuration list for PBXProject "whisper-tflite-ios" */;
			compatibilityVersion = "Xcode 14.0";
			developmentRegion = en;
			hasScannedForEncodings = 0;
			knownRegions = (
				en,
				Base,
			);
			mainGroup = 175D65A72912C008001BD974;
			productRefGroup = 175D65B12912C008001BD974 /* Products */;
			projectDirPath = "";
			projectRoot = "";
			targets = (
				175D65AF2912C008001BD974 /* whisper-tflite-ios */,
				175D65BF2912C009001BD974 /* whisper-tflite-iosTests */,
				175D65C92912C009001BD974 /* whisper-tflite-iosUITests */,
			);
		};
/* End PBXProject section */

/* Begin PBXResourcesBuildPhase section */
		175D65AE2912C008001BD974 /* Resources */ = {
			isa = PBXResourcesBuildPhase;
			buildActionMask = 2147483647;
			files = (
				175D65BB2912C008001BD974 /* Preview Assets.xcassets in Resources */,
				175D65B82912C008001BD974 /* Assets.xcassets in Resources */,
			);
			runOnlyForDeploymentPostprocessing = 0;
		};
		175D65BE2912C009001BD974 /* Resources */ = {
			isa = PBXResourcesBuildPhase;
			buildActionMask = 2147483647;
			files = (
			);
			runOnlyForDeploymentPostprocessing = 0;
		};
		175D65C82912C009001BD974 /* Resources */ = {
			isa = PBXResourcesBuildPhase;
			buildActionMask = 2147483647;
			files = (
			);
			runOnlyForDeploymentPostprocessing = 0;
		};
/* End PBXResourcesBuildPhase section */

/* Begin PBXSourcesBuildPhase section */
		175D65AC2912C008001BD974 /* Sources */ = {
			isa = PBXSourcesBuildPhase;
			buildActionMask = 2147483647;
			files = (
				175D65B62912C008001BD974 /* ContentView.swift in Sources */,
				175D65B42912C008001BD974 /* whisper_tflite_iosApp.swift in Sources */,
			);
			runOnlyForDeploymentPostprocessing = 0;
		};
		175D65BC2912C009001BD974 /* Sources */ = {
			isa = PBXSourcesBuildPhase;
			buildActionMask = 2147483647;
			files = (
				175D65C52912C009001BD974 /* whisper_tflite_iosTests.swift in Sources */,
			);
			runOnlyForDeploymentPostprocessing = 0;
		};
		175D65C62912C009001BD974 /* Sources */ = {
			isa = PBXSourcesBuildPhase;
			buildActionMask = 2147483647;
			files = (
				175D65CF2912C009001BD974 /* whisper_tflite_iosUITests.swift in Sources */,
				175D65D12912C009001BD974 /* whisper_tflite_iosUITestsLaunchTests.swift in Sources */,
			);
			runOnlyForDeploymentPostprocessing = 0;
		};
/* End PBXSourcesBuildPhase section */

/* Begin PBXTargetDependency section */
		175D65C22912C009001BD974 /* PBXTargetDependency */ = {
			isa = PBXTargetDependency;
			target = 175D65AF2912C008001BD974 /* whisper-tflite-ios */;
			targetProxy = 175D65C12912C009001BD974 /* PBXContainerItemProxy */;
		};
		175D65CC2912C009001BD974 /* PBXTargetDependency */ = {
			isa = PBXTargetDependency;
			target = 175D65AF2912C008001BD974 /* whisper-tflite-ios */;
			targetProxy = 175D65CB2912C009001BD974 /* PBXContainerItemProxy */;
		};
/* End PBXTargetDependency section */

/* Begin XCBuildConfiguration section */
		175D65D22912C009001BD974 /* Debug */ = {
			isa = XCBuildConfiguration;
			buildSettings = {
				ALWAYS_SEARCH_USER_PATHS = NO;
				CLANG_ANALYZER_NONNULL = YES;
				CLANG_ANALYZER_NUMBER_OBJECT_CONVERSION = YES_AGGRESSIVE;
				CLANG_CXX_LANGUAGE_STANDARD = "gnu++20";
				CLANG_ENABLE_MODULES = YES;
				CLANG_ENABLE_OBJC_ARC = YES;
				CLANG_ENABLE_OBJC_WEAK = YES;
				CLANG_WARN_BLOCK_CAPTURE_AUTORELEASING = YES;
				CLANG_WARN_BOOL_CONVERSION = YES;
				CLANG_WARN_COMMA = YES;
				CLANG_WARN_CONSTANT_CONVERSION = YES;
				CLANG_WARN_DEPRECATED_OBJC_IMPLEMENTATIONS = YES;
				CLANG_WARN_DIRECT_OBJC_ISA_USAGE = YES_ERROR;
				CLANG_WARN_DOCUMENTATION_COMMENTS = YES;
				CLANG_WARN_EMPTY_BODY = YES;
				CLANG_WARN_ENUM_CONVERSION = YES;
				CLANG_WARN_INFINITE_RECURSION = YES;
				CLANG_WARN_INT_CONVERSION = YES;
				CLANG_WARN_NON_LITERAL_NULL_CONVERSION = YES;
				CLANG_WARN_OBJC_IMPLICIT_RETAIN_SELF = YES;
				CLANG_WARN_OBJC_LITERAL_CONVERSION = YES;
				CLANG_WARN_OBJC_ROOT_CLASS = YES_ERROR;
				CLANG_WARN_QUOTED_INCLUDE_IN_FRAMEWORK_HEADER = YES;
				CLANG_WARN_RANGE_LOOP_ANALYSIS = YES;
				CLANG_WARN_STRICT_PROTOTYPES = YES;
				CLANG_WARN_SUSPICIOUS_MOVE = YES;
				CLANG_WARN_UNGUARDED_AVAILABILITY = YES_AGGRESSIVE;
				CLANG_WARN_UNREACHABLE_CODE = YES;
				CLANG_WARN__DUPLICATE_METHOD_MATCH = YES;
				COPY_PHASE_STRIP = NO;
				DEBUG_INFORMATION_FORMAT = dwarf;
				ENABLE_STRICT_OBJC_MSGSEND = YES;
				ENABLE_TESTABILITY = YES;
				GCC_C_LANGUAGE_STANDARD = gnu11;
				GCC_DYNAMIC_NO_PIC = NO;
				GCC_NO_COMMON_BLOCKS = YES;
				GCC_OPTIMIZATION_LEVEL = 0;
				GCC_PREPROCESSOR_DEFINITIONS = (
					"DEBUG=1",
					"$(inherited)",
				);
				GCC_WARN_64_TO_32_BIT_CONVERSION = YES;
				GCC_WARN_ABOUT_RETURN_TYPE = YES_ERROR;
				GCC_WARN_UNDECLARED_SELECTOR = YES;
				GCC_WARN_UNINITIALIZED_AUTOS = YES_AGGRESSIVE;
				GCC_WARN_UNUSED_FUNCTION = YES;
				GCC_WARN_UNUSED_VARIABLE = YES;
				IPHONEOS_DEPLOYMENT_TARGET = 16.1;
				MTL_ENABLE_DEBUG_INFO = INCLUDE_SOURCE;
				MTL_FAST_MATH = YES;
				ONLY_ACTIVE_ARCH = YES;
				SDKROOT = iphoneos;
				SWIFT_ACTIVE_COMPILATION_CONDITIONS = DEBUG;
				SWIFT_OPTIMIZATION_LEVEL = "-Onone";
			};
			name = Debug;
		};
		175D65D32912C009001BD974 /* Release */ = {
			isa = XCBuildConfiguration;
			buildSettings = {
				ALWAYS_SEARCH_USER_PATHS = NO;
				CLANG_ANALYZER_NONNULL = YES;
				CLANG_ANALYZER_NUMBER_OBJECT_CONVERSION = YES_AGGRESSIVE;
				CLANG_CXX_LANGUAGE_STANDARD = "gnu++20";
				CLANG_ENABLE_MODULES = YES;
				CLANG_ENABLE_OBJC_ARC = YES;
				CLANG_ENABLE_OBJC_WEAK = YES;
				CLANG_WARN_BLOCK_CAPTURE_AUTORELEASING = YES;
				CLANG_WARN_BOOL_CONVERSION = YES;
				CLANG_WARN_COMMA = YES;
				CLANG_WARN_CONSTANT_CONVERSION = YES;
				CLANG_WARN_DEPRECATED_OBJC_IMPLEMENTATIONS = YES;
				CLANG_WARN_DIRECT_OBJC_ISA_USAGE = YES_ERROR;
				CLANG_WARN_DOCUMENTATION_COMMENTS = YES;
				CLANG_WARN_EMPTY_BODY = YES;
				CLANG_WARN_ENUM_CONVERSION = YES;
				CLANG_WARN_INFINITE_RECURSION = YES;
				CLANG_WARN_INT_CONVERSION = YES;
				CLANG_WARN_NON_LITERAL_NULL_CONVERSION = YES;
				CLANG_WARN_OBJC_IMPLICIT_RETAIN_SELF = YES;
				CLANG_WARN_OBJC_LITERAL_CONVERSION = YES;
				CLANG_WARN_OBJC_ROOT_CLASS = YES_ERROR;
				CLANG_WARN_QUOTED_INCLUDE_IN_FRAMEWORK_HEADER = YES;
				CLANG_WARN_RANGE_LOOP_ANALYSIS = YES;
				CLANG_WARN_STRICT_PROTOTYPES = YES;
				CLANG_WARN_SUSPICIOUS_MOVE = YES;
				CLANG_WARN_UNGUARDED_AVAILABILITY = YES_AGGRESSIVE;
				CLANG_WARN_UNREACHABLE_CODE = YES;
				CLANG_WARN__DUPLICATE_METHOD_MATCH = YES;
				COPY_PHASE_STRIP = NO;
				DEBUG_INFORMATION_FORMAT = "dwarf-with-dsym";
				ENABLE_NS_ASSERTIONS = NO;
				ENABLE_STRICT_OBJC_MSGSEND = YES;
				GCC_C_LANGUAGE_STANDARD = gnu11;
				GCC_NO_COMMON_BLOCKS = YES;
				GCC_WARN_64_TO_32_BIT_CONVERSION = YES;
				GCC_WARN_ABOUT_RETURN_TYPE = YES_ERROR;
				GCC_WARN_UNDECLARED_SELECTOR = YES;
				GCC_WARN_UNINITIALIZED_AUTOS = YES_AGGRESSIVE;
				GCC_WARN_UNUSED_FUNCTION = YES;
				GCC_WARN_UNUSED_VARIABLE = YES;
				IPHONEOS_DEPLOYMENT_TARGET = 16.1;
				MTL_ENABLE_DEBUG_INFO = NO;
				MTL_FAST_MATH = YES;
				SDKROOT = iphoneos;
				SWIFT_COMPILATION_MODE = wholemodule;
				SWIFT_OPTIMIZATION_LEVEL = "-O";
				VALIDATE_PRODUCT = YES;
			};
			name = Release;
		};
		175D65D52912C009001BD974 /* Debug */ = {
			isa = XCBuildConfiguration;
			buildSettings = {
				ASSETCATALOG_COMPILER_APPICON_NAME = AppIcon;
				ASSETCATALOG_COMPILER_GLOBAL_ACCENT_COLOR_NAME = AccentColor;
				CODE_SIGN_STYLE = Automatic;
				CURRENT_PROJECT_VERSION = 1;
				DEVELOPMENT_ASSET_PATHS = "\"whisper-tflite-ios/Preview Content\"";
				DEVELOPMENT_TEAM = XWTF879W9X;
				ENABLE_PREVIEWS = YES;
				GENERATE_INFOPLIST_FILE = YES;
				INFOPLIST_KEY_UIApplicationSceneManifest_Generation = YES;
				INFOPLIST_KEY_UIApplicationSupportsIndirectInputEvents = YES;
				INFOPLIST_KEY_UILaunchScreen_Generation = YES;
				INFOPLIST_KEY_UISupportedInterfaceOrientations_iPad = "UIInterfaceOrientationPortrait UIInterfaceOrientationPortraitUpsideDown UIInterfaceOrientationLandscapeLeft UIInterfaceOrientationLandscapeRight";
				INFOPLIST_KEY_UISupportedInterfaceOrientations_iPhone = "UIInterfaceOrientationPortrait UIInterfaceOrientationLandscapeLeft UIInterfaceOrientationLandscapeRight";
				LD_RUNPATH_SEARCH_PATHS = (
					"$(inherited)",
					"@executable_path/Frameworks",
				);
				MARKETING_VERSION = 1.0;
				PRODUCT_BUNDLE_IDENTIFIER = "com.bjnortier.whisper-tflite-ios";
				PRODUCT_NAME = "$(TARGET_NAME)";
				SWIFT_EMIT_LOC_STRINGS = YES;
				SWIFT_VERSION = 5.0;
				TARGETED_DEVICE_FAMILY = "1,2";
			};
			name = Debug;
		};
		175D65D62912C009001BD974 /* Release */ = {
			isa = XCBuildConfiguration;
			buildSettings = {
				ASSETCATALOG_COMPILER_APPICON_NAME = AppIcon;
				ASSETCATALOG_COMPILER_GLOBAL_ACCENT_COLOR_NAME = AccentColor;
				CODE_SIGN_STYLE = Automatic;
				CURRENT_PROJECT_VERSION = 1;
				DEVELOPMENT_ASSET_PATHS = "\"whisper-tflite-ios/Preview Content\"";
				DEVELOPMENT_TEAM = XWTF879W9X;
				ENABLE_PREVIEWS = YES;
				GENERATE_INFOPLIST_FILE = YES;
				INFOPLIST_KEY_UIApplicationSceneManifest_Generation = YES;
				INFOPLIST_KEY_UIApplicationSupportsIndirectInputEvents = YES;
				INFOPLIST_KEY_UILaunchScreen_Generation = YES;
				INFOPLIST_KEY_UISupportedInterfaceOrientations_iPad = "UIInterfaceOrientationPortrait UIInterfaceOrientationPortraitUpsideDown UIInterfaceOrientationLandscapeLeft UIInterfaceOrientationLandscapeRight";
				INFOPLIST_KEY_UISupportedInterfaceOrientations_iPhone = "UIInterfaceOrientationPortrait UIInterfaceOrientationLandscapeLeft UIInterfaceOrientationLandscapeRight";
				LD_RUNPATH_SEARCH_PATHS = (
					"$(inherited)",
					"@executable_path/Frameworks",
				);
				MARKETING_VERSION = 1.0;
				PRODUCT_BUNDLE_IDENTIFIER = "com.bjnortier.whisper-tflite-ios";
				PRODUCT_NAME = "$(TARGET_NAME)";
				SWIFT_EMIT_LOC_STRINGS = YES;
				SWIFT_VERSION = 5.0;
				TARGETED_DEVICE_FAMILY = "1,2";
			};
			name = Release;
		};
		175D65D82912C009001BD974 /* Debug */ = {
			isa = XCBuildConfiguration;
			buildSettings = {
				ALWAYS_EMBED_SWIFT_STANDARD_LIBRARIES = YES;
				BUNDLE_LOADER = "$(TEST_HOST)";
				CODE_SIGN_STYLE = Automatic;
				CURRENT_PROJECT_VERSION = 1;
				DEVELOPMENT_TEAM = XWTF879W9X;
				GENERATE_INFOPLIST_FILE = YES;
				IPHONEOS_DEPLOYMENT_TARGET = 16.1;
				MARKETING_VERSION = 1.0;
				PRODUCT_BUNDLE_IDENTIFIER = "com.bjnortier.whisper-tflite-iosTests";
				PRODUCT_NAME = "$(TARGET_NAME)";
				SWIFT_EMIT_LOC_STRINGS = NO;
				SWIFT_VERSION = 5.0;
				TARGETED_DEVICE_FAMILY = "1,2";
				TEST_HOST = "$(BUILT_PRODUCTS_DIR)/whisper-tflite-ios.app/$(BUNDLE_EXECUTABLE_FOLDER_PATH)/whisper-tflite-ios";
			};
			name = Debug;
		};
		175D65D92912C009001BD974 /* Release */ = {
			isa = XCBuildConfiguration;
			buildSettings = {
				ALWAYS_EMBED_SWIFT_STANDARD_LIBRARIES = YES;
				BUNDLE_LOADER = "$(TEST_HOST)";
				CODE_SIGN_STYLE = Automatic;
				CURRENT_PROJECT_VERSION = 1;
				DEVELOPMENT_TEAM = XWTF879W9X;
				GENERATE_INFOPLIST_FILE = YES;
				IPHONEOS_DEPLOYMENT_TARGET = 16.1;
				MARKETING_VERSION = 1.0;
				PRODUCT_BUNDLE_IDENTIFIER = "com.bjnortier.whisper-tflite-iosTests";
				PRODUCT_NAME = "$(TARGET_NAME)";
				SWIFT_EMIT_LOC_STRINGS = NO;
				SWIFT_VERSION = 5.0;
				TARGETED_DEVICE_FAMILY = "1,2";
				TEST_HOST = "$(BUILT_PRODUCTS_DIR)/whisper-tflite-ios.app/$(BUNDLE_EXECUTABLE_FOLDER_PATH)/whisper-tflite-ios";
			};
			name = Release;
		};
		175D65DB2912C009001BD974 /* Debug */ = {
			isa = XCBuildConfiguration;
			buildSettings = {
				ALWAYS_EMBED_SWIFT_STANDARD_LIBRARIES = YES;
				CODE_SIGN_STYLE = Automatic;
				CURRENT_PROJECT_VERSION = 1;
				DEVELOPMENT_TEAM = XWTF879W9X;
				GENERATE_INFOPLIST_FILE = YES;
				MARKETING_VERSION = 1.0;
				PRODUCT_BUNDLE_IDENTIFIER = "com.bjnortier.whisper-tflite-iosUITests";
				PRODUCT_NAME = "$(TARGET_NAME)";
				SWIFT_EMIT_LOC_STRINGS = NO;
				SWIFT_VERSION = 5.0;
				TARGETED_DEVICE_FAMILY = "1,2";
				TEST_TARGET_NAME = "whisper-tflite-ios";
			};
			name = Debug;
		};
		175D65DC2912C009001BD974 /* Release */ = {
			isa = XCBuildConfiguration;
			buildSettings = {
				ALWAYS_EMBED_SWIFT_STANDARD_LIBRARIES = YES;
				CODE_SIGN_STYLE = Automatic;
				CURRENT_PROJECT_VERSION = 1;
				DEVELOPMENT_TEAM = XWTF879W9X;
				GENERATE_INFOPLIST_FILE = YES;
				MARKETING_VERSION = 1.0;
				PRODUCT_BUNDLE_IDENTIFIER = "com.bjnortier.whisper-tflite-iosUITests";
				PRODUCT_NAME = "$(TARGET_NAME)";
				SWIFT_EMIT_LOC_STRINGS = NO;
				SWIFT_VERSION = 5.0;
				TARGETED_DEVICE_FAMILY = "1,2";
				TEST_TARGET_NAME = "whisper-tflite-ios";
			};
			name = Release;
		};
/* End XCBuildConfiguration section */

/* Begin XCConfigurationList section */
		175D65AB2912C008001BD974 /* Build configuration list for PBXProject "whisper-tflite-ios" */ = {
			isa = XCConfigurationList;
			buildConfigurations = (
				175D65D22912C009001BD974 /* Debug */,
				175D65D32912C009001BD974 /* Release */,
			);
			defaultConfigurationIsVisible = 0;
			defaultConfigurationName = Release;
		};
		175D65D42912C009001BD974 /* Build configuration list for PBXNativeTarget "whisper-tflite-ios" */ = {
			isa = XCConfigurationList;
			buildConfigurations = (
				175D65D52912C009001BD974 /* Debug */,
				175D65D62912C009001BD974 /* Release */,
			);
			defaultConfigurationIsVisible = 0;
			defaultConfigurationName = Release;
		};
		175D65D72912C009001BD974 /* Build configuration list for PBXNativeTarget "whisper-tflite-iosTests" */ = {
			isa = XCConfigurationList;
			buildConfigurations = (
				175D65D82912C009001BD974 /* Debug */,
				175D65D92912C009001BD974 /* Release */,
			);
			defaultConfigurationIsVisible = 0;
			defaultConfigurationName = Release;
		};
		175D65DA2912C009001BD974 /* Build configuration list for PBXNativeTarget "whisper-tflite-iosUITests" */ = {
			isa = XCConfigurationList;
			buildConfigurations = (
				175D65DB2912C009001BD974 /* Debug */,
				175D65DC2912C009001BD974 /* Release */,
			);
			defaultConfigurationIsVisible = 0;
			defaultConfigurationName = Release;
		};
/* End XCConfigurationList section */
	};
	rootObject = 175D65A82912C008001BD974 /* Project object */;
}
